
Microsoft Visual Studio Solution File, Format Version 12.00
# Visual Studio Version 17
VisualStudioVersion = 17.5.33530.505
MinimumVisualStudioVersion = 10.0.40219.1
Project("{FAE04EC0-301F-11D3-BF4B-00C04F79EFBC}") = "eTickets", "eTickets.csproj", "{2A68D888-331B-4AEB-91A2-DCB252A9A54E}"
EndProject
Global
	GlobalSection(SolutionConfigurationPlatforms) = preSolution
		Debug|Any CPU = Debug|Any CPU
		Release|Any CPU = Release|Any CPU
	EndGlobalSection
	GlobalSection(ProjectConfigurationPlatforms) = postSolution
		{2A68D888-331B-4AEB-91A2-DCB252A9A54E}.Debug|Any CPU.ActiveCfg = Debug|Any CPU
		{2A68D888-331B-4AEB-91A2-DCB252A9A54E}.Debug|Any CPU.Build.0 = Debug|Any CPU
		{2A68D888-331B-4AEB-91A2-DCB252A9A54E}.Release|Any CPU.ActiveCfg = Release|Any CPU
		{2A68D888-331B-4AEB-91A2-DCB252A9A54E}.Release|Any CPU.Build.0 = Release|Any CPU
	EndGlobalSection
	GlobalSection(SolutionProperties) = preSolution
		HideSolutionNode = FALSE
	EndGlobalSection
	GlobalSection(ExtensibilityGlobals) = postSolution
		SolutionGuid = {C4329B2C-A07B-45C9-AAC2-94C0B1F4F3F2}
	EndGlobalSection
EndGlobal
